
Microsoft Visual Studio Solution File, Format Version 12.00
# Visual Studio 2013
VisualStudioVersion = 12.0.31101.0
MinimumVisualStudioVersion = 10.0.40219.1
Project("{FAE04EC0-301F-11D3-BF4B-00C04F79EFBC}") = "PomodoroTechniqueHelper", "PomodoroTechniqueHelper\PomodoroTechniqueHelper.csproj", "{6BCE0CDD-3635-402A-BA90-6DBF4B2A8C42}"
EndProject
Project("{FAE04EC0-301F-11D3-BF4B-00C04F79EFBC}") = "System.Windows.Forms.Ribbon35", "..\..\Documents\System.Windows.Forms.Ribbon\System.Windows.Forms.Ribbon35.csproj", "{46A18A55-5AE8-49CE-91CD-C7421B642E7E}"
EndProject
Global
	GlobalSection(SolutionConfigurationPlatforms) = preSolution
		Debug|Any CPU = Debug|Any CPU
		Release|Any CPU = Release|Any CPU
	EndGlobalSection
	GlobalSection(ProjectConfigurationPlatforms) = postSolution
		{6BCE0CDD-3635-402A-BA90-6DBF4B2A8C42}.Debug|Any CPU.ActiveCfg = Debug|Any CPU
		{6BCE0CDD-3635-402A-BA90-6DBF4B2A8C42}.Debug|Any CPU.Build.0 = Debug|Any CPU
		{6BCE0CDD-3635-402A-BA90-6DBF4B2A8C42}.Release|Any CPU.ActiveCfg = Release|Any CPU
		{6BCE0CDD-3635-402A-BA90-6DBF4B2A8C42}.Release|Any CPU.Build.0 = Release|Any CPU
		{46A18A55-5AE8-49CE-91CD-C7421B642E7E}.Debug|Any CPU.ActiveCfg = Debug|Any CPU
		{46A18A55-5AE8-49CE-91CD-C7421B642E7E}.Debug|Any CPU.Build.0 = Debug|Any CPU
		{46A18A55-5AE8-49CE-91CD-C7421B642E7E}.Release|Any CPU.ActiveCfg = Release|Any CPU
		{46A18A55-5AE8-49CE-91CD-C7421B642E7E}.Release|Any CPU.Build.0 = Release|Any CPU
	EndGlobalSection
	GlobalSection(SolutionProperties) = preSolution
		HideSolutionNode = FALSE
	EndGlobalSection
EndGlobal
